
Microsoft Visual Studio Solution File, Format Version 12.00
# Visual Studio Version 16
VisualStudioVersion = 16.0.32901.82
MinimumVisualStudioVersion = 10.0.40219.1
Project("{FAE04EC0-301F-11D3-BF4B-00C04F79EFBC}") = "Crud", "Crud\Crud.csproj", "{3E1B969D-CCC2-4E15-BC5B-4DCCCC379792}"
EndProject
Global
	GlobalSection(SolutionConfigurationPlatforms) = preSolution
		Debug|Any CPU = Debug|Any CPU
		Release|Any CPU = Release|Any CPU
	EndGlobalSection
	GlobalSection(ProjectConfigurationPlatforms) = postSolution
		{3E1B969D-CCC2-4E15-BC5B-4DCCCC379792}.Debug|Any CPU.ActiveCfg = Debug|Any CPU
		{3E1B969D-CCC2-4E15-BC5B-4DCCCC379792}.Debug|Any CPU.Build.0 = Debug|Any CPU
		{3E1B969D-CCC2-4E15-BC5B-4DCCCC379792}.Release|Any CPU.ActiveCfg = Release|Any CPU
		{3E1B969D-CCC2-4E15-BC5B-4DCCCC379792}.Release|Any CPU.Build.0 = Release|Any CPU
	EndGlobalSection
	GlobalSection(SolutionProperties) = preSolution
		HideSolutionNode = FALSE
	EndGlobalSection
	GlobalSection(ExtensibilityGlobals) = postSolution
		SolutionGuid = {2CEB5001-9323-4CF0-9A1D-590C5F590FAB}
	EndGlobalSection
EndGlobal
